PODS:
  - Alamofire (5.0.2)
  - SDWebImage (5.6.1):
    - SDWebImage/Core (= 5.6.1)
  - SDWebImage/Core (5.6.1)
  - SVProgressHUD (2.2.5)
  - SwiftyJSON (5.0.0)
  - Toast-Swift (5.0.1)

DEPENDENCIES:
  - Alamofire
  - SDWebImage
  - SVProgressHUD
  - SwiftyJSON
  - Toast-Swift

SPEC REPOS:
  trunk:
    - Alamofire
    - SDWebImage
    - SVProgressHUD
    - SwiftyJSON
    - Toast-Swift

SPEC CHECKSUMS:
  Alamofire: 3ba7a4db18b4f62c4a1c0e1cb39d7f3d52e10ada
  SDWebImage: 7edb9c3ea661e77a66661f7f044de8c1b55d1120
  SVProgressHUD: 1428aafac632c1f86f62aa4243ec12008d7a51d6
  SwiftyJSON: 36413e04c44ee145039d332b4f4e2d3e8d6c4db7
  Toast-Swift: 9b6a70f28b3bf0b96c40d46c0c4b9d6639846711

PODFILE CHECKSUM: 9d3156ff36166a89459eeef248f2ec95ec0a2b76

COCOAPODS: 1.8.4
